NeoBundleLock ag.vim 994c27dd8f237573208548e7480e39b24ccbbfba
NeoBundleLock badwolf 25b81062e23e2e570d42d9bc510e7d9e48cda213
NeoBundleLock ctrlp.vim 564176f01d7f3f7f8ab452ff4e1f5314de7b0981
NeoBundleLock emmet-vim 0b4310353ad70c601fb73feeb769ee6d2269af41
NeoBundleLock gundo.vim e7fe41024ace9047eee610f23311d44fd9d917c0
NeoBundleLock html5.vim fccd580f5f11d576169ee347907c9fbd77af410a
NeoBundleLock jellybeans.vim e0b9ef9ff42b91133d7da5d36d2c264994cc3cdd
NeoBundleLock landscape.vim 7ef819ac9fdbcc52cfb3296a3ecf591a13b43357
NeoBundleLock lightline.vim 5c542a593fc6a1990842245dbb5e8567b37934a8
NeoBundleLock matchit.zip ced6c409c9beeb0b4142d21906606bd194411d1d
NeoBundleLock memolist.vim 72b0ab929a4e4bf6fd515b57acbf739fd48f9a53
NeoBundleLock molokai c67bdfcdb31415aa0ade7f8c003261700a885476
NeoBundleLock neobundle.vim a240bb2f40437ea87254df3c2745523d3f27cfcf
NeoBundleLock neomru.vim e86ebb07c3498e81b13a195330831eb845555633
NeoBundleLock neosnippet-snippets 1956f04a6d430c2673c2be6e57213dabb704e64a
NeoBundleLock neosnippet.vim ce3c3d209c38a6d87bbf1408d293e179f95e7bb8
NeoBundleLock nerdtree 4ebbb533c3faf2c480211db2b547972bb3b60f2b
NeoBundleLock skittles_berry 54cbdc9845d63e9212ac8eb6dc87c7f3c146c331
NeoBundleLock tagbar 7b36c46d17d57db34fdb0adac9ba6382d0bb5e66
NeoBundleLock tcomment_vim 7c4277754b6b77fb80b47cd4a7384d1e2d6c1538
NeoBundleLock unite.vim 0a7949317f4b6c231d858c393dc0a765bf473341
NeoBundleLock vim-anzu 205cce21fdfd1349f24afaae7b494653327c7ac6
NeoBundleLock vim-closetag 00e1155cee8bf9859fd378558a1a5c950a3d5be3
NeoBundleLock vim-coffee-script 32fe889b8cafd3a4921ef8e6485156453ff58c42
NeoBundleLock vim-colorschemes 189f5182bb70fd35d0f56fee451c3f22a2a80135
NeoBundleLock vim-css3-syntax 69129fdb5af4112b11807f5ec20f990d38cc9f69
NeoBundleLock vim-ctrlspace f7987e4e21b238732632be704d033a73aacbb65d
NeoBundleLock vim-easy-align 0cb6b98fc155717b0a56c110551ac57d1d951ddb
NeoBundleLock vim-easymotion a6b3c10b417d90d6751352b53826f94062ff466d
NeoBundleLock vim-fugitive bdd216827ae53cdf70d933bb30762da9bf42cad4
NeoBundleLock vim-gitgutter 78d83c7056e1973ed4cbf9b5b3f09263a3dbf968
NeoBundleLock vim-javascript 1833982f70496c5d93dd3ffcdf14debecac12aee
NeoBundleLock vim-monokai 55ff6544b8c224311920f26478742acd30af9ef1
NeoBundleLock vim-node 13b31218447335e176d46dd5f497b274f7f49595
NeoBundleLock vim-surround 2d05440ad23f97a7874ebd9b5de3a0e65d25d85c
NeoBundleLock vim-trailing-whitespace 733fb64337b6da4a51c85a43450cd620d8b617b5
NeoBundleLock vimfiler.vim 3d8005116768ec97d300309be3cb339580e7e14b
NeoBundleLock vimproc b05d30228ecb97acc2b398cca34b230092722268
NeoBundleLock vimshell 3787e52766812d8b99a93ccdda57517bc2a0bab6
NeoBundleLock yankround.vim bced716bb283a328c4dbec056bba36e53b2b404b
